
Microsoft Visual Studio Solution File, Format Version 12.00
# Visual Studio Version 17
VisualStudioVersion = 17.11.35222.181
MinimumVisualStudioVersion = 10.0.40219.1
Project("{FAE04EC0-301F-11D3-BF4B-00C04F79EFBC}") = "FirstTask", "FirstTask\FirstTask.csproj", "{A548529E-A459-402D-99D4-2C3905B1EFB5}"
EndProject
Project("{FAE04EC0-301F-11D3-BF4B-00C04F79EFBC}") = "SecondTask", "SecondTask\SecondTask.csproj", "{485DF15D-7CE4-4BF6-A046-7F6B5B82285A}"
EndProject
Project("{FAE04EC0-301F-11D3-BF4B-00C04F79EFBC}") = "ThirdTask", "ThirdTask\ThirdTask.csproj", "{362D1C9F-B33A-49B7-B560-A981BCF62E32}"
EndProject
Project("{FAE04EC0-301F-11D3-BF4B-00C04F79EFBC}") = "3DVisualization", "3DVisualization\3DVisualization.csproj", "{682924C7-A8B4-498F-BFA6-44A59684B8D2}"
EndProject
Global
	GlobalSection(SolutionConfigurationPlatforms) = preSolution
		Debug|Any CPU = Debug|Any CPU
		Release|Any CPU = Release|Any CPU
	EndGlobalSection
	GlobalSection(ProjectConfigurationPlatforms) = postSolution
		{A548529E-A459-402D-99D4-2C3905B1EFB5}.Debug|Any CPU.ActiveCfg = Debug|Any CPU
		{A548529E-A459-402D-99D4-2C3905B1EFB5}.Debug|Any CPU.Build.0 = Debug|Any CPU
		{A548529E-A459-402D-99D4-2C3905B1EFB5}.Release|Any CPU.ActiveCfg = Release|Any CPU
		{A548529E-A459-402D-99D4-2C3905B1EFB5}.Release|Any CPU.Build.0 = Release|Any CPU
		{485DF15D-7CE4-4BF6-A046-7F6B5B82285A}.Debug|Any CPU.ActiveCfg = Debug|Any CPU
		{485DF15D-7CE4-4BF6-A046-7F6B5B82285A}.Debug|Any CPU.Build.0 = Debug|Any CPU
		{485DF15D-7CE4-4BF6-A046-7F6B5B82285A}.Release|Any CPU.ActiveCfg = Release|Any CPU
		{485DF15D-7CE4-4BF6-A046-7F6B5B82285A}.Release|Any CPU.Build.0 = Release|Any CPU
		{362D1C9F-B33A-49B7-B560-A981BCF62E32}.Debug|Any CPU.ActiveCfg = Debug|Any CPU
		{362D1C9F-B33A-49B7-B560-A981BCF62E32}.Debug|Any CPU.Build.0 = Debug|Any CPU
		{362D1C9F-B33A-49B7-B560-A981BCF62E32}.Release|Any CPU.ActiveCfg = Release|Any CPU
		{362D1C9F-B33A-49B7-B560-A981BCF62E32}.Release|Any CPU.Build.0 = Release|Any CPU
		{682924C7-A8B4-498F-BFA6-44A59684B8D2}.Debug|Any CPU.ActiveCfg = Debug|Any CPU
		{682924C7-A8B4-498F-BFA6-44A59684B8D2}.Debug|Any CPU.Build.0 = Debug|Any CPU
		{682924C7-A8B4-498F-BFA6-44A59684B8D2}.Release|Any CPU.ActiveCfg = Release|Any CPU
		{682924C7-A8B4-498F-BFA6-44A59684B8D2}.Release|Any CPU.Build.0 = Release|Any CPU
	EndGlobalSection
	GlobalSection(SolutionProperties) = preSolution
		HideSolutionNode = FALSE
	EndGlobalSection
	GlobalSection(ExtensibilityGlobals) = postSolution
		SolutionGuid = {A76E6688-A04C-4FFA-B8FF-24F4DA6DB8CA}
	EndGlobalSection
EndGlobal
