
Microsoft Visual Studio Solution File, Format Version 12.00
# Visual Studio Version 17
VisualStudioVersion = 17.11.35222.181
MinimumVisualStudioVersion = 10.0.40219.1
Project("{FAE04EC0-301F-11D3-BF4B-00C04F79EFBC}") = "FirstTask", "FirstTask\FirstTask.csproj", "{DDA69E56-2C3B-46A5-9BE8-818386E46B2F}"
EndProject
Project("{FAE04EC0-301F-11D3-BF4B-00C04F79EFBC}") = "SecondTask", "SecondTask\SecondTask.csproj", "{1003BB7E-6E56-4679-B62F-5ADD30978F90}"
EndProject
Project("{FAE04EC0-301F-11D3-BF4B-00C04F79EFBC}") = "ThirdTask", "ThirdTask\ThirdTask.csproj", "{F8466306-8931-42C3-BBC6-15F3ACCF8F4A}"
EndProject
Global
	GlobalSection(SolutionConfigurationPlatforms) = preSolution
		Debug|Any CPU = Debug|Any CPU
		Release|Any CPU = Release|Any CPU
	EndGlobalSection
	GlobalSection(ProjectConfigurationPlatforms) = postSolution
		{DDA69E56-2C3B-46A5-9BE8-818386E46B2F}.Debug|Any CPU.ActiveCfg = Debug|Any CPU
		{DDA69E56-2C3B-46A5-9BE8-818386E46B2F}.Debug|Any CPU.Build.0 = Debug|Any CPU
		{DDA69E56-2C3B-46A5-9BE8-818386E46B2F}.Release|Any CPU.ActiveCfg = Release|Any CPU
		{DDA69E56-2C3B-46A5-9BE8-818386E46B2F}.Release|Any CPU.Build.0 = Release|Any CPU
		{1003BB7E-6E56-4679-B62F-5ADD30978F90}.Debug|Any CPU.ActiveCfg = Debug|Any CPU
		{1003BB7E-6E56-4679-B62F-5ADD30978F90}.Debug|Any CPU.Build.0 = Debug|Any CPU
		{1003BB7E-6E56-4679-B62F-5ADD30978F90}.Release|Any CPU.ActiveCfg = Release|Any CPU
		{1003BB7E-6E56-4679-B62F-5ADD30978F90}.Release|Any CPU.Build.0 = Release|Any CPU
		{F8466306-8931-42C3-BBC6-15F3ACCF8F4A}.Debug|Any CPU.ActiveCfg = Debug|Any CPU
		{F8466306-8931-42C3-BBC6-15F3ACCF8F4A}.Debug|Any CPU.Build.0 = Debug|Any CPU
		{F8466306-8931-42C3-BBC6-15F3ACCF8F4A}.Release|Any CPU.ActiveCfg = Release|Any CPU
		{F8466306-8931-42C3-BBC6-15F3ACCF8F4A}.Release|Any CPU.Build.0 = Release|Any CPU
	EndGlobalSection
	GlobalSection(SolutionProperties) = preSolution
		HideSolutionNode = FALSE
	EndGlobalSection
	GlobalSection(ExtensibilityGlobals) = postSolution
		SolutionGuid = {D830BD03-88E1-4A5C-8752-3036A6620819}
	EndGlobalSection
EndGlobal
